PODS:
  - IteratorTools (1.1.0)
  - OpenCV (3.3.1)
  - Upsurge (0.10.2)

DEPENDENCIES:
  - IteratorTools (~> 1.1.0)
  - OpenCV (~> 3.3.1)
  - Upsurge (~> 0.10.2)

SPEC REPOS:
  trunk:
    - IteratorTools
    - OpenCV
    - Upsurge

SPEC CHECKSUMS:
  IteratorTools: 085fb5125062d3dc2f7a9919be1b805bef72a94f
  OpenCV: d81447860f038d60723084aa02ecc963f95c55fa
  Upsurge: 5866beadc3da27f91c5df4ac795deb3f3238d678

PODFILE CHECKSUM: d844561c9821765420e4e9459874daed65657d81

COCOAPODS: 1.9.1
